
Microsoft Visual Studio Solution File, Format Version 12.00
# Visual Studio 15
VisualStudioVersion = 15.0.28307.757
MinimumVisualStudioVersion = 10.0.40219.1
Project("{9A19103F-16F7-4668-BE54-9A1E7A4F7556}") = "MarkupSync", "MarkupSync.csproj", "{433B0FCD-CA17-4542-ADD7-336DAFA19406}"
EndProject
Global
	GlobalSection(SolutionConfigurationPlatforms) = preSolution
		Debug|Any CPU = Debug|Any CPU
		Release|Any CPU = Release|Any CPU
	EndGlobalSection
	GlobalSection(ProjectConfigurationPlatforms) = postSolution
		{433B0FCD-CA17-4542-ADD7-336DAFA19406}.Debug|Any CPU.ActiveCfg = Debug|Any CPU
		{433B0FCD-CA17-4542-ADD7-336DAFA19406}.Debug|Any CPU.Build.0 = Debug|Any CPU
		{433B0FCD-CA17-4542-ADD7-336DAFA19406}.Release|Any CPU.ActiveCfg = Release|Any CPU
		{433B0FCD-CA17-4542-ADD7-336DAFA19406}.Release|Any CPU.Build.0 = Release|Any CPU
	EndGlobalSection
	GlobalSection(SolutionProperties) = preSolution
		HideSolutionNode = FALSE
	EndGlobalSection
	GlobalSection(ExtensibilityGlobals) = postSolution
		SolutionGuid = {611A977E-9DAF-4CD5-A87A-08F11BE9F02D}
	EndGlobalSection
EndGlobal
